
Microsoft Visual Studio Solution File, Format Version 12.00
# Visual Studio Version 17
VisualStudioVersion = 17.2.32516.85
MinimumVisualStudioVersion = 10.0.40219.1
Project("{FAE04EC0-301F-11D3-BF4B-00C04F79EFBC}") = "Bugtracker", "Bugtracker\Bugtracker.csproj", "{C054AA4F-05ED-49BA-87B8-C3C8D58EC8B4}"
EndProject
Global
	GlobalSection(SolutionConfigurationPlatforms) = preSolution
		Debug|Any CPU = Debug|Any CPU
		Release|Any CPU = Release|Any CPU
	EndGlobalSection
	GlobalSection(ProjectConfigurationPlatforms) = postSolution
		{C054AA4F-05ED-49BA-87B8-C3C8D58EC8B4}.Debug|Any CPU.ActiveCfg = Debug|Any CPU
		{C054AA4F-05ED-49BA-87B8-C3C8D58EC8B4}.Debug|Any CPU.Build.0 = Debug|Any CPU
		{C054AA4F-05ED-49BA-87B8-C3C8D58EC8B4}.Release|Any CPU.ActiveCfg = Release|Any CPU
		{C054AA4F-05ED-49BA-87B8-C3C8D58EC8B4}.Release|Any CPU.Build.0 = Release|Any CPU
	EndGlobalSection
	GlobalSection(SolutionProperties) = preSolution
		HideSolutionNode = FALSE
	EndGlobalSection
	GlobalSection(ExtensibilityGlobals) = postSolution
		SolutionGuid = {4E40CB97-5E42-4E5E-9600-6A209C1A12E7}
	EndGlobalSection
EndGlobal
